// !$*UTF8*$!
{
	archiveVersion = 1;
	classes = {
	};
	objectVersion = 48;
	objects = {

/* Begin PBXBuildFile section */
		31F19F711FBE44EC0020DE06 /* AppDelegate.swift in Sources */ = {isa = PBXBuildFile; fileRef = 31F19F701FBE44EC0020DE06 /* AppDelegate.swift */; };
		31F19F731FBE44EC0020DE06 /* IntroductionViewController.swift in Sources */ = {isa = PBXBuildFile; fileRef = 31F19F721FBE44EC0020DE06 /* IntroductionViewController.swift */; };
		31F19F761FBE44EC0020DE06 /* Main.storyboard in Resources */ = {isa = PBXBuildFile; fileRef = 31F19F741FBE44EC0020DE06 /* Main.storyboard */; };
		31F19F781FBE44EC0020DE06 /* Assets.xcassets in Resources */ = {isa = PBXBuildFile; fileRef = 31F19F771FBE44EC0020DE06 /* Assets.xcassets */; };
		31F19F7B1FBE44EC0020DE06 /* LaunchScreen.storyboard in Resources */ = {isa = PBXBuildFile; fileRef = 31F19F791FBE44EC0020DE06 /* LaunchScreen.storyboard */; };
		31F19F861FBE44EC0020DE06 /* PersonalityQuizTests.swift in Sources */ = {isa = PBXBuildFile; fileRef = 31F19F851FBE44EC0020DE06 /* PersonalityQuizTests.swift */; };
		31F19F911FBE44EC0020DE06 /* PersonalityQuizUITests.swift in Sources */ = {isa = PBXBuildFile; fileRef = 31F19F901FBE44EC0020DE06 /* PersonalityQuizUITests.swift */; };
		31F19F9F1FBE48350020DE06 /* QuestionData.swift in Sources */ = {isa = PBXBuildFile; fileRef = 31F19F9E1FBE48350020DE06 /* QuestionData.swift */; };
		31F19FA11FBE49940020DE06 /* QuestionViewController.swift in Sources */ = {isa = PBXBuildFile; fileRef = 31F19FA01FBE49940020DE06 /* QuestionViewController.swift */; };
		31F19FA31FBE4A7C0020DE06 /* ResultsViewControl.swift in Sources */ = {isa = PBXBuildFile; fileRef = 31F19FA21FBE4A7C0020DE06 /* ResultsViewControl.swift */; };
/* End PBXBuildFile section */

/* Begin PBXContainerItemProxy section */
		31F19F821FBE44EC0020DE06 /* PBXContainerItemProxy */ = {
			isa = PBXContainerItemProxy;
			containerPortal = 31F19F651FBE44EC0020DE06 /* Project object */;
			proxyType = 1;
			remoteGlobalIDString = 31F19F6C1FBE44EC0020DE06;
			remoteInfo = PersonalityQuiz;
		};
		31F19F8D1FBE44EC0020DE06 /* PBXContainerItemProxy */ = {
			isa = PBXContainerItemProxy;
			containerPortal = 31F19F651FBE44EC0020DE06 /* Project object */;
			proxyType = 1;
			remoteGlobalIDString = 31F19F6C1FBE44EC0020DE06;
			remoteInfo = PersonalityQuiz;
		};
/* End PBXContainerItemProxy section */

/* Begin PBXFileReference section */
		31F19F6D1FBE44EC0020DE06 /* PersonalityQuiz.app */ = {isa = PBXFileReference; explicitFileType = wrapper.application; includeInIndex = 0; path = PersonalityQuiz.app; sourceTree = BUILT_PRODUCTS_DIR; };
		31F19F701FBE44EC0020DE06 /* AppDelegate.swift */ = {isa = PBXFileReference; lastKnownFileType = sourcecode.swift; path = AppDelegate.swift; sourceTree = "<group>"; };
		31F19F721FBE44EC0020DE06 /* IntroductionViewController.swift */ = {isa = PBXFileReference; lastKnownFileType = sourcecode.swift; path = IntroductionViewController.swift; sourceTree = "<group>"; };
		31F19F751FBE44EC0020DE06 /* Base */ = {isa = PBXFileReference; lastKnownFileType = file.storyboard; name = Base; path = Base.lproj/Main.storyboard; sourceTree = "<group>"; };
		31F19F771FBE44EC0020DE06 /* Assets.xcassets */ = {isa = PBXFileReference; lastKnownFileType = folder.assetcatalog; path = Assets.xcassets; sourceTree = "<group>"; };
		31F19F7A1FBE44EC0020DE06 /* Base */ = {isa = PBXFileReference; lastKnownFileType = file.storyboard; name = Base; path = Base.lproj/LaunchScreen.storyboard; sourceTree = "<group>"; };
		31F19F7C1FBE44EC0020DE06 /* Info.plist */ = {isa = PBXFileReference; lastKnownFileType = text.plist.xml; path = Info.plist; sourceTree = "<group>"; };
		31F19F811FBE44EC0020DE06 /* PersonalityQuizTests.xctest */ = {isa = PBXFileReference; explicitFileType = wrapper.cfbundle; includeInIndex = 0; path = PersonalityQuizTests.xctest; sourceTree = BUILT_PRODUCTS_DIR; };
		31F19F851FBE44EC0020DE06 /* PersonalityQuizTests.swift */ = {isa = PBXFileReference; lastKnownFileType = sourcecode.swift; path = PersonalityQuizTests.swift; sourceTree = "<group>"; };
		31F19F871FBE44EC0020DE06 /* Info.plist */ = {isa = PBXFileReference; lastKnownFileType = text.plist.xml; path = Info.plist; sourceTree = "<group>"; };
		31F19F8C1FBE44EC0020DE06 /* PersonalityQuizUITests.xctest */ = {isa = PBXFileReference; explicitFileType = wrapper.cfbundle; includeInIndex = 0; path = PersonalityQuizUITests.xctest; sourceTree = BUILT_PRODUCTS_DIR; };
		31F19F901FBE44EC0020DE06 /* PersonalityQuizUITests.swift */ = {isa = PBXFileReference; lastKnownFileType = sourcecode.swift; path = PersonalityQuizUITests.swift; sourceTree = "<group>"; };
		31F19F921FBE44EC0020DE06 /* Info.plist */ = {isa = PBXFileReference; lastKnownFileType = text.plist.xml; path = Info.plist; sourceTree = "<group>"; };
		31F19F9E1FBE48350020DE06 /* QuestionData.swift */ = {isa = PBXFileReference; lastKnownFileType = sourcecode.swift; path = QuestionData.swift; sourceTree = "<group>"; };
		31F19FA01FBE49940020DE06 /* QuestionViewController.swift */ = {isa = PBXFileReference; lastKnownFileType = sourcecode.swift; path = QuestionViewController.swift; sourceTree = "<group>"; };
		31F19FA21FBE4A7C0020DE06 /* ResultsViewControl.swift */ = {isa = PBXFileReference; lastKnownFileType = sourcecode.swift; path = ResultsViewControl.swift; sourceTree = "<group>"; };
/* End PBXFileReference section */

/* Begin PBXFrameworksBuildPhase section */
		31F19F6A1FBE44EC0020DE06 /* Frameworks */ = {
			isa = PBXFrameworksBuildPhase;
			buildActionMask = 2147483647;
			files = (
			);
			runOnlyForDeploymentPostprocessing = 0;
		};
		31F19F7E1FBE44EC0020DE06 /* Frameworks */ = {
			isa = PBXFrameworksBuildPhase;
			buildActionMask = 2147483647;
			files = (
			);
			runOnlyForDeploymentPostprocessing = 0;
		};
		31F19F891FBE44EC0020DE06 /* Frameworks */ = {
			isa = PBXFrameworksBuildPhase;
			buildActionMask = 2147483647;
			files = (
			);
			runOnlyForDeploymentPostprocessing = 0;
		};
/* End PBXFrameworksBuildPhase section */

/* Begin PBXGroup section */
		31F19F641FBE44EC0020DE06 = {
			isa = PBXGroup;
			children = (
				31F19F6F1FBE44EC0020DE06 /* PersonalityQuiz */,
				31F19F841FBE44EC0020DE06 /* PersonalityQuizTests */,
				31F19F8F1FBE44EC0020DE06 /* PersonalityQuizUITests */,
				31F19F6E1FBE44EC0020DE06 /* Products */,
			);
			sourceTree = "<group>";
		};
		31F19F6E1FBE44EC0020DE06 /* Products */ = {
			isa = PBXGroup;
			children = (
				31F19F6D1FBE44EC0020DE06 /* PersonalityQuiz.app */,
				31F19F811FBE44EC0020DE06 /* PersonalityQuizTests.xctest */,
				31F19F8C1FBE44EC0020DE06 /* PersonalityQuizUITests.xctest */,
			);
			name = Products;
			sourceTree = "<group>";
		};
		31F19F6F1FBE44EC0020DE06 /* PersonalityQuiz */ = {
			isa = PBXGroup;
			children = (
				31F19F701FBE44EC0020DE06 /* AppDelegate.swift */,
				31F19F721FBE44EC0020DE06 /* IntroductionViewController.swift */,
				31F19F741FBE44EC0020DE06 /* Main.storyboard */,
				31F19FA01FBE49940020DE06 /* QuestionViewController.swift */,
				31F19F9E1FBE48350020DE06 /* QuestionData.swift */,
				31F19FA21FBE4A7C0020DE06 /* ResultsViewControl.swift */,
				31F19F771FBE44EC0020DE06 /* Assets.xcassets */,
				31F19F791FBE44EC0020DE06 /* LaunchScreen.storyboard */,
				31F19F7C1FBE44EC0020DE06 /* Info.plist */,
			);
			path = PersonalityQuiz;
			sourceTree = "<group>";
		};
		31F19F841FBE44EC0020DE06 /* PersonalityQuizTests */ = {
			isa = PBXGroup;
			children = (
				31F19F851FBE44EC0020DE06 /* PersonalityQuizTests.swift */,
				31F19F871FBE44EC0020DE06 /* Info.plist */,
			);
			path = PersonalityQuizTests;
			sourceTree = "<group>";
		};
		31F19F8F1FBE44EC0020DE06 /* PersonalityQuizUITests */ = {
			isa = PBXGroup;
			children = (
				31F19F901FBE44EC0020DE06 /* PersonalityQuizUITests.swift */,
				31F19F921FBE44EC0020DE06 /* Info.plist */,
			);
			path = PersonalityQuizUITests;
			sourceTree = "<group>";
		};
/* End PBXGroup section */

/* Begin PBXNativeTarget section */
		31F19F6C1FBE44EC0020DE06 /* PersonalityQuiz */ = {
			isa = PBXNativeTarget;
			buildConfigurationList = 31F19F951FBE44EC0020DE06 /* Build configuration list for PBXNativeTarget "PersonalityQuiz" */;
			buildPhases = (
				31F19F691FBE44EC0020DE06 /* Sources */,
				31F19F6A1FBE44EC0020DE06 /* Frameworks */,
				31F19F6B1FBE44EC0020DE06 /* Resources */,
			);
			buildRules = (
			);
			dependencies = (
			);
			name = PersonalityQuiz;
			productName = PersonalityQuiz;
			productReference = 31F19F6D1FBE44EC0020DE06 /* PersonalityQuiz.app */;
			productType = "com.apple.product-type.application";
		};
		31F19F801FBE44EC0020DE06 /* PersonalityQuizTests */ = {
			isa = PBXNativeTarget;
			buildConfigurationList = 31F19F981FBE44EC0020DE06 /* Build configuration list for PBXNativeTarget "PersonalityQuizTests" */;
			buildPhases = (
				31F19F7D1FBE44EC0020DE06 /* Sources */,
				31F19F7E1FBE44EC0020DE06 /* Frameworks */,
				31F19F7F1FBE44EC0020DE06 /* Resources */,
			);
			buildRules = (
			);
			dependencies = (
				31F19F831FBE44EC0020DE06 /* PBXTargetDependency */,
			);
			name = PersonalityQuizTests;
			productName = PersonalityQuizTests;
			productReference = 31F19F811FBE44EC0020DE06 /* PersonalityQuizTests.xctest */;
			productType = "com.apple.product-type.bundle.unit-test";
		};
		31F19F8B1FBE44EC0020DE06 /* PersonalityQuizUITests */ = {
			isa = PBXNativeTarget;
			buildConfigurationList = 31F19F9B1FBE44EC0020DE06 /* Build configuration list for PBXNativeTarget "PersonalityQuizUITests" */;
			buildPhases = (
				31F19F881FBE44EC0020DE06 /* Sources */,
				31F19F891FBE44EC0020DE06 /* Frameworks */,
				31F19F8A1FBE44EC0020DE06 /* Resources */,
			);
			buildRules = (
			);
			dependencies = (
				31F19F8E1FBE44EC0020DE06 /* PBXTargetDependency */,
			);
			name = PersonalityQuizUITests;
			productName = PersonalityQuizUITests;
			productReference = 31F19F8C1FBE44EC0020DE06 /* PersonalityQuizUITests.xctest */;
			productType = "com.apple.product-type.bundle.ui-testing";
		};
/* End PBXNativeTarget section */

/* Begin PBXProject section */
		31F19F651FBE44EC0020DE06 /* Project object */ = {
			isa = PBXProject;
			attributes = {
				LastSwiftUpdateCheck = 0910;
				LastUpgradeCheck = 0910;
				ORGANIZATIONNAME = "Andrea Pineda";
				TargetAttributes = {
					31F19F6C1FBE44EC0020DE06 = {
						CreatedOnToolsVersion = 9.1;
						ProvisioningStyle = Automatic;
					};
					31F19F801FBE44EC0020DE06 = {
						CreatedOnToolsVersion = 9.1;
						ProvisioningStyle = Automatic;
						TestTargetID = 31F19F6C1FBE44EC0020DE06;
					};
					31F19F8B1FBE44EC0020DE06 = {
						CreatedOnToolsVersion = 9.1;
						ProvisioningStyle = Automatic;
						TestTargetID = 31F19F6C1FBE44EC0020DE06;
					};
				};
			};
			buildConfigurationList = 31F19F681FBE44EC0020DE06 /* Build configuration list for PBXProject "PersonalityQuiz" */;
			compatibilityVersion = "Xcode 8.0";
			developmentRegion = en;
			hasScannedForEncodings = 0;
			knownRegions = (
				en,
				Base,
			);
			mainGroup = 31F19F641FBE44EC0020DE06;
			productRefGroup = 31F19F6E1FBE44EC0020DE06 /* Products */;
			projectDirPath = "";
			projectRoot = "";
			targets = (
				31F19F6C1FBE44EC0020DE06 /* PersonalityQuiz */,
				31F19F801FBE44EC0020DE06 /* PersonalityQuizTests */,
				31F19F8B1FBE44EC0020DE06 /* PersonalityQuizUITests */,
			);
		};
/* End PBXProject section */

/* Begin PBXResourcesBuildPhase section */
		31F19F6B1FBE44EC0020DE06 /* Resources */ = {
			isa = PBXResourcesBuildPhase;
			buildActionMask = 2147483647;
			files = (
				31F19F7B1FBE44EC0020DE06 /* LaunchScreen.storyboard in Resources */,
				31F19F781FBE44EC0020DE06 /* Assets.xcassets in Resources */,
				31F19F761FBE44EC0020DE06 /* Main.storyboard in Resources */,
			);
			runOnlyForDeploymentPostprocessing = 0;
		};
		31F19F7F1FBE44EC0020DE06 /* Resources */ = {
			isa = PBXResourcesBuildPhase;
			buildActionMask = 2147483647;
			files = (
			);
			runOnlyForDeploymentPostprocessing = 0;
		};
		31F19F8A1FBE44EC0020DE06 /* Resources */ = {
			isa = PBXResourcesBuildPhase;
			buildActionMask = 2147483647;
			files = (
			);
			runOnlyForDeploymentPostprocessing = 0;
		};
/* End PBXResourcesBuildPhase section */

/* Begin PBXSourcesBuildPhase section */
		31F19F691FBE44EC0020DE06 /* Sources */ = {
			isa = PBXSourcesBuildPhase;
			buildActionMask = 2147483647;
			files = (
				31F19F9F1FBE48350020DE06 /* QuestionData.swift in Sources */,
				31F19FA31FBE4A7C0020DE06 /* ResultsViewControl.swift in Sources */,
				31F19F731FBE44EC0020DE06 /* IntroductionViewController.swift in Sources */,
				31F19FA11FBE49940020DE06 /* QuestionViewController.swift in Sources */,
				31F19F711FBE44EC0020DE06 /* AppDelegate.swift in Sources */,
			);
			runOnlyForDeploymentPostprocessing = 0;
		};
		31F19F7D1FBE44EC0020DE06 /* Sources */ = {
			isa = PBXSourcesBuildPhase;
			buildActionMask = 2147483647;
			files = (
				31F19F861FBE44EC0020DE06 /* PersonalityQuizTests.swift in Sources */,
			);
			runOnlyForDeploymentPostprocessing = 0;
		};
		31F19F881FBE44EC0020DE06 /* Sources */ = {
			isa = PBXSourcesBuildPhase;
			buildActionMask = 2147483647;
			files = (
				31F19F911FBE44EC0020DE06 /* PersonalityQuizUITests.swift in Sources */,
			);
			runOnlyForDeploymentPostprocessing = 0;
		};
/* End PBXSourcesBuildPhase section */

/* Begin PBXTargetDependency section */
		31F19F831FBE44EC0020DE06 /* PBXTargetDependency */ = {
			isa = PBXTargetDependency;
			target = 31F19F6C1FBE44EC0020DE06 /* PersonalityQuiz */;
			targetProxy = 31F19F821FBE44EC0020DE06 /* PBXContainerItemProxy */;
		};
		31F19F8E1FBE44EC0020DE06 /* PBXTargetDependency */ = {
			isa = PBXTargetDependency;
			target = 31F19F6C1FBE44EC0020DE06 /* PersonalityQuiz */;
			targetProxy = 31F19F8D1FBE44EC0020DE06 /* PBXContainerItemProxy */;
		};
/* End PBXTargetDependency section */

/* Begin PBXVariantGroup section */
		31F19F741FBE44EC0020DE06 /* Main.storyboard */ = {
			isa = PBXVariantGroup;
			children = (
				31F19F751FBE44EC0020DE06 /* Base */,
			);
			name = Main.storyboard;
			sourceTree = "<group>";
		};
		31F19F791FBE44EC0020DE06 /* LaunchScreen.storyboard */ = {
			isa = PBXVariantGroup;
			children = (
				31F19F7A1FBE44EC0020DE06 /* Base */,
			);
			name = LaunchScreen.storyboard;
			sourceTree = "<group>";
		};
/* End PBXVariantGroup section */

/* Begin XCBuildConfiguration section */
		31F19F931FBE44EC0020DE06 /* Debug */ = {
			isa = XCBuildConfiguration;
			buildSettings = {
				ALWAYS_SEARCH_USER_PATHS = NO;
				CLANG_ANALYZER_NONNULL = YES;
				CLANG_ANALYZER_NUMBER_OBJECT_CONVERSION = YES_AGGRESSIVE;
				CLANG_CXX_LANGUAGE_STANDARD = "gnu++14";
				CLANG_CXX_LIBRARY = "libc++";
				CLANG_ENABLE_MODULES = YES;
				CLANG_ENABLE_OBJC_ARC = YES;
				CLANG_WARN_BLOCK_CAPTURE_AUTORELEASING = YES;
				CLANG_WARN_BOOL_CONVERSION = YES;
				CLANG_WARN_COMMA = YES;
				CLANG_WARN_CONSTANT_CONVERSION = YES;
				CLANG_WARN_DIRECT_OBJC_ISA_USAGE = YES_ERROR;
				CLANG_WARN_DOCUMENTATION_COMMENTS = YES;
				CLANG_WARN_EMPTY_BODY = YES;
				CLANG_WARN_ENUM_CONVERSION = YES;
				CLANG_WARN_INFINITE_RECURSION = YES;
				CLANG_WARN_INT_CONVERSION = YES;
				CLANG_WARN_NON_LITERAL_NULL_CONVERSION = YES;
				CLANG_WARN_OBJC_LITERAL_CONVERSION = YES;
				CLANG_WARN_OBJC_ROOT_CLASS = YES_ERROR;
				CLANG_WARN_RANGE_LOOP_ANALYSIS = YES;
				CLANG_WARN_STRICT_PROTOTYPES = YES;
				CLANG_WARN_SUSPICIOUS_MOVE = YES;
				CLANG_WARN_UNGUARDED_AVAILABILITY = YES_AGGRESSIVE;
				CLANG_WARN_UNREACHABLE_CODE = YES;
				CLANG_WARN__DUPLICATE_METHOD_MATCH = YES;
				CODE_SIGN_IDENTITY = "iPhone Developer";
				COPY_PHASE_STRIP = NO;
				DEBUG_INFORMATION_FORMAT = dwarf;
				ENABLE_STRICT_OBJC_MSGSEND = YES;
				ENABLE_TESTABILITY = YES;
				GCC_C_LANGUAGE_STANDARD = gnu11;
				GCC_DYNAMIC_NO_PIC = NO;
				GCC_NO_COMMON_BLOCKS = YES;
				GCC_OPTIMIZATION_LEVEL = 0;
				GCC_PREPROCESSOR_DEFINITIONS = (
					"DEBUG=1",
					"$(inherited)",
				);
				GCC_WARN_64_TO_32_BIT_CONVERSION = YES;
				GCC_WARN_ABOUT_RETURN_TYPE = YES_ERROR;
				GCC_WARN_UNDECLARED_SELECTOR = YES;
				GCC_WARN_UNINITIALIZED_AUTOS = YES_AGGRESSIVE;
				GCC_WARN_UNUSED_FUNCTION = YES;
				GCC_WARN_UNUSED_VARIABLE = YES;
				IPHONEOS_DEPLOYMENT_TARGET = 11.1;
				MTL_ENABLE_DEBUG_INFO = YES;
				ONLY_ACTIVE_ARCH = YES;
				SDKROOT = iphoneos;
				SWIFT_ACTIVE_COMPILATION_CONDITIONS = DEBUG;
				SWIFT_OPTIMIZATION_LEVEL = "-Onone";
			};
			name = Debug;
		};
		31F19F941FBE44EC0020DE06 /* Release */ = {
			isa = XCBuildConfiguration;
			buildSettings = {
				ALWAYS_SEARCH_USER_PATHS = NO;
				CLANG_ANALYZER_NONNULL = YES;
				CLANG_ANALYZER_NUMBER_OBJECT_CONVERSION = YES_AGGRESSIVE;
				CLANG_CXX_LANGUAGE_STANDARD = "gnu++14";
				CLANG_CXX_LIBRARY = "libc++";
				CLANG_ENABLE_MODULES = YES;
				CLANG_ENABLE_OBJC_ARC = YES;
				CLANG_WARN_BLOCK_CAPTURE_AUTORELEASING = YES;
				CLANG_WARN_BOOL_CONVERSION = YES;
				CLANG_WARN_COMMA = YES;
				CLANG_WARN_CONSTANT_CONVERSION = YES;
				CLANG_WARN_DIRECT_OBJC_ISA_USAGE = YES_ERROR;
				CLANG_WARN_DOCUMENTATION_COMMENTS = YES;
				CLANG_WARN_EMPTY_BODY = YES;
				CLANG_WARN_ENUM_CONVERSION = YES;
				CLANG_WARN_INFINITE_RECURSION = YES;
				CLANG_WARN_INT_CONVERSION = YES;
				CLANG_WARN_NON_LITERAL_NULL_CONVERSION = YES;
				CLANG_WARN_OBJC_LITERAL_CONVERSION = YES;
				CLANG_WARN_OBJC_ROOT_CLASS = YES_ERROR;
				CLANG_WARN_RANGE_LOOP_ANALYSIS = YES;
				CLANG_WARN_STRICT_PROTOTYPES = YES;
				CLANG_WARN_SUSPICIOUS_MOVE = YES;
				CLANG_WARN_UNGUARDED_AVAILABILITY = YES_AGGRESSIVE;
				CLANG_WARN_UNREACHABLE_CODE = YES;
				CLANG_WARN__DUPLICATE_METHOD_MATCH = YES;
				CODE_SIGN_IDENTITY = "iPhone Developer";
				COPY_PHASE_STRIP = NO;
				DEBUG_INFORMATION_FORMAT = "dwarf-with-dsym";
				ENABLE_NS_ASSERTIONS = NO;
				ENABLE_STRICT_OBJC_MSGSEND = YES;
				GCC_C_LANGUAGE_STANDARD = gnu11;
				GCC_NO_COMMON_BLOCKS = YES;
				GCC_WARN_64_TO_32_BIT_CONVERSION = YES;
				GCC_WARN_ABOUT_RETURN_TYPE = YES_ERROR;
				GCC_WARN_UNDECLARED_SELECTOR = YES;
				GCC_WARN_UNINITIALIZED_AUTOS = YES_AGGRESSIVE;
				GCC_WARN_UNUSED_FUNCTION = YES;
				GCC_WARN_UNUSED_VARIABLE = YES;
				IPHONEOS_DEPLOYMENT_TARGET = 11.1;
				MTL_ENABLE_DEBUG_INFO = NO;
				SDKROOT = iphoneos;
				SWIFT_OPTIMIZATION_LEVEL = "-Owholemodule";
				VALIDATE_PRODUCT = YES;
			};
			name = Release;
		};
		31F19F961FBE44EC0020DE06 /* Debug */ = {
			isa = XCBuildConfiguration;
			buildSettings = {
				ASSETCATALOG_COMPILER_APPICON_NAME = AppIcon;
				CODE_SIGN_STYLE = Automatic;
				INFOPLIST_FILE = PersonalityQuiz/Info.plist;
				LD_RUNPATH_SEARCH_PATHS = "$(inherited) @executable_path/Frameworks";
				PRODUCT_BUNDLE_IDENTIFIER = com.example.PersonalityQuiz;
				PRODUCT_NAME = "$(TARGET_NAME)";
				SWIFT_VERSION = 4.0;
				TARGETED_DEVICE_FAMILY = "1,2";
			};
			name = Debug;
		};
		31F19F971FBE44EC0020DE06 /* Release */ = {
			isa = XCBuildConfiguration;
			buildSettings = {
				ASSETCATALOG_COMPILER_APPICON_NAME = AppIcon;
				CODE_SIGN_STYLE = Automatic;
				INFOPLIST_FILE = PersonalityQuiz/Info.plist;
				LD_RUNPATH_SEARCH_PATHS = "$(inherited) @executable_path/Frameworks";
				PRODUCT_BUNDLE_IDENTIFIER = com.example.PersonalityQuiz;
				PRODUCT_NAME = "$(TARGET_NAME)";
				SWIFT_VERSION = 4.0;
				TARGETED_DEVICE_FAMILY = "1,2";
			};
			name = Release;
		};
		31F19F991FBE44EC0020DE06 /* Debug */ = {
			isa = XCBuildConfiguration;
			buildSettings = {
				ALWAYS_EMBED_SWIFT_STANDARD_LIBRARIES = YES;
				BUNDLE_LOADER = "$(TEST_HOST)";
				CODE_SIGN_STYLE = Automatic;
				INFOPLIST_FILE = PersonalityQuizTests/Info.plist;
				LD_RUNPATH_SEARCH_PATHS = "$(inherited) @executable_path/Frameworks @loader_path/Frameworks";
				PRODUCT_BUNDLE_IDENTIFIER = com.example.PersonalityQuizTests;
				PRODUCT_NAME = "$(TARGET_NAME)";
				SWIFT_VERSION = 4.0;
				TARGETED_DEVICE_FAMILY = "1,2";
				TEST_HOST = "$(BUILT_PRODUCTS_DIR)/PersonalityQuiz.app/PersonalityQuiz";
			};
			name = Debug;
		};
		31F19F9A1FBE44EC0020DE06 /* Release */ = {
			isa = XCBuildConfiguration;
			buildSettings = {
				ALWAYS_EMBED_SWIFT_STANDARD_LIBRARIES = YES;
				BUNDLE_LOADER = "$(TEST_HOST)";
				CODE_SIGN_STYLE = Automatic;
				INFOPLIST_FILE = PersonalityQuizTests/Info.plist;
				LD_RUNPATH_SEARCH_PATHS = "$(inherited) @executable_path/Frameworks @loader_path/Frameworks";
				PRODUCT_BUNDLE_IDENTIFIER = com.example.PersonalityQuizTests;
				PRODUCT_NAME = "$(TARGET_NAME)";
				SWIFT_VERSION = 4.0;
				TARGETED_DEVICE_FAMILY = "1,2";
				TEST_HOST = "$(BUILT_PRODUCTS_DIR)/PersonalityQuiz.app/PersonalityQuiz";
			};
			name = Release;
		};
		31F19F9C1FBE44EC0020DE06 /* Debug */ = {
			isa = XCBuildConfiguration;
			buildSettings = {
				ALWAYS_EMBED_SWIFT_STANDARD_LIBRARIES = YES;
				CODE_SIGN_STYLE = Automatic;
				INFOPLIST_FILE = PersonalityQuizUITests/Info.plist;
				LD_RUNPATH_SEARCH_PATHS = "$(inherited) @executable_path/Frameworks @loader_path/Frameworks";
				PRODUCT_BUNDLE_IDENTIFIER = com.example.PersonalityQuizUITests;
				PRODUCT_NAME = "$(TARGET_NAME)";
				SWIFT_VERSION = 4.0;
				TARGETED_DEVICE_FAMILY = "1,2";
				TEST_TARGET_NAME = PersonalityQuiz;
			};
			name = Debug;
		};
		31F19F9D1FBE44EC0020DE06 /* Release */ = {
			isa = XCBuildConfiguration;
			buildSettings = {
				ALWAYS_EMBED_SWIFT_STANDARD_LIBRARIES = YES;
				CODE_SIGN_STYLE = Automatic;
				INFOPLIST_FILE = PersonalityQuizUITests/Info.plist;
				LD_RUNPATH_SEARCH_PATHS = "$(inherited) @executable_path/Frameworks @loader_path/Frameworks";
				PRODUCT_BUNDLE_IDENTIFIER = com.example.PersonalityQuizUITests;
				PRODUCT_NAME = "$(TARGET_NAME)";
				SWIFT_VERSION = 4.0;
				TARGETED_DEVICE_FAMILY = "1,2";
				TEST_TARGET_NAME = PersonalityQuiz;
			};
			name = Release;
		};
/* End XCBuildConfiguration section */

/* Begin XCConfigurationList section */
		31F19F681FBE44EC0020DE06 /* Build configuration list for PBXProject "PersonalityQuiz" */ = {
			isa = XCConfigurationList;
			buildConfigurations = (
				31F19F931FBE44EC0020DE06 /* Debug */,
				31F19F941FBE44EC0020DE06 /* Release */,
			);
			defaultConfigurationIsVisible = 0;
			defaultConfigurationName = Release;
		};
		31F19F951FBE44EC0020DE06 /* Build configuration list for PBXNativeTarget "PersonalityQuiz" */ = {
			isa = XCConfigurationList;
			buildConfigurations = (
				31F19F961FBE44EC0020DE06 /* Debug */,
				31F19F971FBE44EC0020DE06 /* Release */,
			);
			defaultConfigurationIsVisible = 0;
			defaultConfigurationName = Release;
		};
		31F19F981FBE44EC0020DE06 /* Build configuration list for PBXNativeTarget "PersonalityQuizTests" */ = {
			isa = XCConfigurationList;
			buildConfigurations = (
				31F19F991FBE44EC0020DE06 /* Debug */,
				31F19F9A1FBE44EC0020DE06 /* Release */,
			);
			defaultConfigurationIsVisible = 0;
			defaultConfigurationName = Release;
		};
		31F19F9B1FBE44EC0020DE06 /* Build configuration list for PBXNativeTarget "PersonalityQuizUITests" */ = {
			isa = XCConfigurationList;
			buildConfigurations = (
				31F19F9C1FBE44EC0020DE06 /* Debug */,
				31F19F9D1FBE44EC0020DE06 /* Release */,
			);
			defaultConfigurationIsVisible = 0;
			defaultConfigurationName = Release;
		};
/* End XCConfigurationList section */
	};
	rootObject = 31F19F651FBE44EC0020DE06 /* Project object */;
}
